{
  "name": "gridsome-plugin-i18n",
  "version": "1.2.1",
  "lockfileVersion": 1,
  "requires": true,
  "dependencies": {
    "core-js": {
      "version": "3.6.4",
      "resolved": "https://registry.npmjs.org/core-js/-/core-js-3.6.4.tgz",
      "integrity": "sha512-4paDGScNgZP2IXXilaffL9X7968RuvwlkK3xWtZRVqgd8SYNiVKRJvkFd1aqqEuPfN7E68ZHEp9hDj6lHj4Hyw=="
    },
    "vue-i18n": {
      "version": "8.15.5",
      "resolved": "https://registry.npmjs.org/vue-i18n/-/vue-i18n-8.15.5.tgz",
      "integrity": "sha512-lIej02+w8lP0k1PEN1xtXqKpQ1hDh17zvDF+7Oc2qJi+cTMDlfPM771w4euVaHO67AxEz4WL9MIgkyn3tkeCtQ=="
    }
  }
}
